
Microsoft Visual Studio Solution File, Format Version 12.00
# Visual Studio Version 17
VisualStudioVersion = 17.0.31903.59
MinimumVisualStudioVersion = 10.0.40219.1
Project("{FAE04EC0-301F-11D3-BF4B-00C04F79EFBC}") = "task10", "task10\task10.csproj", "{6C74B9AA-2750-4484-9F86-BBBA6C2AD704}"
EndProject
Project("{FAE04EC0-301F-11D3-BF4B-00C04F79EFBC}") = "task10tests", "task10tests\task10tests.csproj", "{F5D45099-7934-4B7F-AD6F-E8175911D9C9}"
EndProject
Project("{FAE04EC0-301F-11D3-BF4B-00C04F79EFBC}") = "task17", "task17\task17.csproj", "{58CA14D7-C8E8-4349-87E6-29DABFCBE571}"
EndProject
Project("{FAE04EC0-301F-11D3-BF4B-00C04F79EFBC}") = "task17tests", "task17tests\task17tests.csproj", "{958EC122-A9B6-49AC-ABF6-0AB3AD68ABBB}"
EndProject
Project("{FAE04EC0-301F-11D3-BF4B-00C04F79EFBC}") = "task18", "task18\task18.csproj", "{14BF1DFA-E27B-4B4A-9110-666F08BC207C}"
EndProject
Project("{FAE04EC0-301F-11D3-BF4B-00C04F79EFBC}") = "task18tests", "task18tests\task18tests.csproj", "{7244212D-E8B7-40ED-A9DC-EB76EBF5EB3F}"
EndProject
Project("{FAE04EC0-301F-11D3-BF4B-00C04F79EFBC}") = "task19", "task19\task19.csproj", "{321051CA-F0C4-476D-B7F9-8FF1011E46D2}"
EndProject
Project("{FAE04EC0-301F-11D3-BF4B-00C04F79EFBC}") = "task19tests", "task19tests\task19tests.csproj", "{D74242CF-C638-427C-92DA-C8A8FAD22C92}"
EndProject
Project("{FAE04EC0-301F-11D3-BF4B-00C04F79EFBC}") = "task14", "task14\task14.csproj", "{7C890267-CE0A-4624-BF8E-942EE5B38010}"
EndProject
Project("{FAE04EC0-301F-11D3-BF4B-00C04F79EFBC}") = "task14tests", "task14tests\task14tests.csproj", "{A64A967B-09F7-43B5-BC50-C47340E7F007}"
EndProject
Global
	GlobalSection(SolutionConfigurationPlatforms) = preSolution
		Debug|Any CPU = Debug|Any CPU
		Debug|x64 = Debug|x64
		Debug|x86 = Debug|x86
		Release|Any CPU = Release|Any CPU
		Release|x64 = Release|x64
		Release|x86 = Release|x86
	EndGlobalSection
	GlobalSection(ProjectConfigurationPlatforms) = postSolution
		{6C74B9AA-2750-4484-9F86-BBBA6C2AD704}.Debug|Any CPU.ActiveCfg = Debug|Any CPU
		{6C74B9AA-2750-4484-9F86-BBBA6C2AD704}.Debug|Any CPU.Build.0 = Debug|Any CPU
		{6C74B9AA-2750-4484-9F86-BBBA6C2AD704}.Debug|x64.ActiveCfg = Debug|Any CPU
		{6C74B9AA-2750-4484-9F86-BBBA6C2AD704}.Debug|x64.Build.0 = Debug|Any CPU
		{6C74B9AA-2750-4484-9F86-BBBA6C2AD704}.Debug|x86.ActiveCfg = Debug|Any CPU
		{6C74B9AA-2750-4484-9F86-BBBA6C2AD704}.Debug|x86.Build.0 = Debug|Any CPU
		{6C74B9AA-2750-4484-9F86-BBBA6C2AD704}.Release|Any CPU.ActiveCfg = Release|Any CPU
		{6C74B9AA-2750-4484-9F86-BBBA6C2AD704}.Release|Any CPU.Build.0 = Release|Any CPU
		{6C74B9AA-2750-4484-9F86-BBBA6C2AD704}.Release|x64.ActiveCfg = Release|Any CPU
		{6C74B9AA-2750-4484-9F86-BBBA6C2AD704}.Release|x64.Build.0 = Release|Any CPU
		{6C74B9AA-2750-4484-9F86-BBBA6C2AD704}.Release|x86.ActiveCfg = Release|Any CPU
		{6C74B9AA-2750-4484-9F86-BBBA6C2AD704}.Release|x86.Build.0 = Release|Any CPU
		{F5D45099-7934-4B7F-AD6F-E8175911D9C9}.Debug|Any CPU.ActiveCfg = Debug|Any CPU
		{F5D45099-7934-4B7F-AD6F-E8175911D9C9}.Debug|Any CPU.Build.0 = Debug|Any CPU
		{F5D45099-7934-4B7F-AD6F-E8175911D9C9}.Debug|x64.ActiveCfg = Debug|Any CPU
		{F5D45099-7934-4B7F-AD6F-E8175911D9C9}.Debug|x64.Build.0 = Debug|Any CPU
		{F5D45099-7934-4B7F-AD6F-E8175911D9C9}.Debug|x86.ActiveCfg = Debug|Any CPU
		{F5D45099-7934-4B7F-AD6F-E8175911D9C9}.Debug|x86.Build.0 = Debug|Any CPU
		{F5D45099-7934-4B7F-AD6F-E8175911D9C9}.Release|Any CPU.ActiveCfg = Release|Any CPU
		{F5D45099-7934-4B7F-AD6F-E8175911D9C9}.Release|Any CPU.Build.0 = Release|Any CPU
		{F5D45099-7934-4B7F-AD6F-E8175911D9C9}.Release|x64.ActiveCfg = Release|Any CPU
		{F5D45099-7934-4B7F-AD6F-E8175911D9C9}.Release|x64.Build.0 = Release|Any CPU
		{F5D45099-7934-4B7F-AD6F-E8175911D9C9}.Release|x86.ActiveCfg = Release|Any CPU
		{F5D45099-7934-4B7F-AD6F-E8175911D9C9}.Release|x86.Build.0 = Release|Any CPU
		{58CA14D7-C8E8-4349-87E6-29DABFCBE571}.Debug|Any CPU.ActiveCfg = Debug|Any CPU
		{58CA14D7-C8E8-4349-87E6-29DABFCBE571}.Debug|Any CPU.Build.0 = Debug|Any CPU
		{58CA14D7-C8E8-4349-87E6-29DABFCBE571}.Debug|x64.ActiveCfg = Debug|Any CPU
		{58CA14D7-C8E8-4349-87E6-29DABFCBE571}.Debug|x64.Build.0 = Debug|Any CPU
		{58CA14D7-C8E8-4349-87E6-29DABFCBE571}.Debug|x86.ActiveCfg = Debug|Any CPU
		{58CA14D7-C8E8-4349-87E6-29DABFCBE571}.Debug|x86.Build.0 = Debug|Any CPU
		{58CA14D7-C8E8-4349-87E6-29DABFCBE571}.Release|Any CPU.ActiveCfg = Release|Any CPU
		{58CA14D7-C8E8-4349-87E6-29DABFCBE571}.Release|Any CPU.Build.0 = Release|Any CPU
		{58CA14D7-C8E8-4349-87E6-29DABFCBE571}.Release|x64.ActiveCfg = Release|Any CPU
		{58CA14D7-C8E8-4349-87E6-29DABFCBE571}.Release|x64.Build.0 = Release|Any CPU
		{58CA14D7-C8E8-4349-87E6-29DABFCBE571}.Release|x86.ActiveCfg = Release|Any CPU
		{58CA14D7-C8E8-4349-87E6-29DABFCBE571}.Release|x86.Build.0 = Release|Any CPU
		{958EC122-A9B6-49AC-ABF6-0AB3AD68ABBB}.Debug|Any CPU.ActiveCfg = Debug|Any CPU
		{958EC122-A9B6-49AC-ABF6-0AB3AD68ABBB}.Debug|Any CPU.Build.0 = Debug|Any CPU
		{958EC122-A9B6-49AC-ABF6-0AB3AD68ABBB}.Debug|x64.ActiveCfg = Debug|Any CPU
		{958EC122-A9B6-49AC-ABF6-0AB3AD68ABBB}.Debug|x64.Build.0 = Debug|Any CPU
		{958EC122-A9B6-49AC-ABF6-0AB3AD68ABBB}.Debug|x86.ActiveCfg = Debug|Any CPU
		{958EC122-A9B6-49AC-ABF6-0AB3AD68ABBB}.Debug|x86.Build.0 = Debug|Any CPU
		{958EC122-A9B6-49AC-ABF6-0AB3AD68ABBB}.Release|Any CPU.ActiveCfg = Release|Any CPU
		{958EC122-A9B6-49AC-ABF6-0AB3AD68ABBB}.Release|Any CPU.Build.0 = Release|Any CPU
		{958EC122-A9B6-49AC-ABF6-0AB3AD68ABBB}.Release|x64.ActiveCfg = Release|Any CPU
		{958EC122-A9B6-49AC-ABF6-0AB3AD68ABBB}.Release|x64.Build.0 = Release|Any CPU
		{958EC122-A9B6-49AC-ABF6-0AB3AD68ABBB}.Release|x86.ActiveCfg = Release|Any CPU
		{958EC122-A9B6-49AC-ABF6-0AB3AD68ABBB}.Release|x86.Build.0 = Release|Any CPU
		{14BF1DFA-E27B-4B4A-9110-666F08BC207C}.Debug|Any CPU.ActiveCfg = Debug|Any CPU
		{14BF1DFA-E27B-4B4A-9110-666F08BC207C}.Debug|Any CPU.Build.0 = Debug|Any CPU
		{14BF1DFA-E27B-4B4A-9110-666F08BC207C}.Debug|x64.ActiveCfg = Debug|Any CPU
		{14BF1DFA-E27B-4B4A-9110-666F08BC207C}.Debug|x64.Build.0 = Debug|Any CPU
		{14BF1DFA-E27B-4B4A-9110-666F08BC207C}.Debug|x86.ActiveCfg = Debug|Any CPU
		{14BF1DFA-E27B-4B4A-9110-666F08BC207C}.Debug|x86.Build.0 = Debug|Any CPU
		{14BF1DFA-E27B-4B4A-9110-666F08BC207C}.Release|Any CPU.ActiveCfg = Release|Any CPU
		{14BF1DFA-E27B-4B4A-9110-666F08BC207C}.Release|Any CPU.Build.0 = Release|Any CPU
		{14BF1DFA-E27B-4B4A-9110-666F08BC207C}.Release|x64.ActiveCfg = Release|Any CPU
		{14BF1DFA-E27B-4B4A-9110-666F08BC207C}.Release|x64.Build.0 = Release|Any CPU
		{14BF1DFA-E27B-4B4A-9110-666F08BC207C}.Release|x86.ActiveCfg = Release|Any CPU
		{14BF1DFA-E27B-4B4A-9110-666F08BC207C}.Release|x86.Build.0 = Release|Any CPU
		{7244212D-E8B7-40ED-A9DC-EB76EBF5EB3F}.Debug|Any CPU.ActiveCfg = Debug|Any CPU
		{7244212D-E8B7-40ED-A9DC-EB76EBF5EB3F}.Debug|Any CPU.Build.0 = Debug|Any CPU
		{7244212D-E8B7-40ED-A9DC-EB76EBF5EB3F}.Debug|x64.ActiveCfg = Debug|Any CPU
		{7244212D-E8B7-40ED-A9DC-EB76EBF5EB3F}.Debug|x64.Build.0 = Debug|Any CPU
		{7244212D-E8B7-40ED-A9DC-EB76EBF5EB3F}.Debug|x86.ActiveCfg = Debug|Any CPU
		{7244212D-E8B7-40ED-A9DC-EB76EBF5EB3F}.Debug|x86.Build.0 = Debug|Any CPU
		{7244212D-E8B7-40ED-A9DC-EB76EBF5EB3F}.Release|Any CPU.ActiveCfg = Release|Any CPU
		{7244212D-E8B7-40ED-A9DC-EB76EBF5EB3F}.Release|Any CPU.Build.0 = Release|Any CPU
		{7244212D-E8B7-40ED-A9DC-EB76EBF5EB3F}.Release|x64.ActiveCfg = Release|Any CPU
		{7244212D-E8B7-40ED-A9DC-EB76EBF5EB3F}.Release|x64.Build.0 = Release|Any CPU
		{7244212D-E8B7-40ED-A9DC-EB76EBF5EB3F}.Release|x86.ActiveCfg = Release|Any CPU
		{7244212D-E8B7-40ED-A9DC-EB76EBF5EB3F}.Release|x86.Build.0 = Release|Any CPU
		{321051CA-F0C4-476D-B7F9-8FF1011E46D2}.Debug|Any CPU.ActiveCfg = Debug|Any CPU
		{321051CA-F0C4-476D-B7F9-8FF1011E46D2}.Debug|Any CPU.Build.0 = Debug|Any CPU
		{321051CA-F0C4-476D-B7F9-8FF1011E46D2}.Debug|x64.ActiveCfg = Debug|Any CPU
		{321051CA-F0C4-476D-B7F9-8FF1011E46D2}.Debug|x64.Build.0 = Debug|Any CPU
		{321051CA-F0C4-476D-B7F9-8FF1011E46D2}.Debug|x86.ActiveCfg = Debug|Any CPU
		{321051CA-F0C4-476D-B7F9-8FF1011E46D2}.Debug|x86.Build.0 = Debug|Any CPU
		{321051CA-F0C4-476D-B7F9-8FF1011E46D2}.Release|Any CPU.ActiveCfg = Release|Any CPU
		{321051CA-F0C4-476D-B7F9-8FF1011E46D2}.Release|Any CPU.Build.0 = Release|Any CPU
		{321051CA-F0C4-476D-B7F9-8FF1011E46D2}.Release|x64.ActiveCfg = Release|Any CPU
		{321051CA-F0C4-476D-B7F9-8FF1011E46D2}.Release|x64.Build.0 = Release|Any CPU
		{321051CA-F0C4-476D-B7F9-8FF1011E46D2}.Release|x86.ActiveCfg = Release|Any CPU
		{321051CA-F0C4-476D-B7F9-8FF1011E46D2}.Release|x86.Build.0 = Release|Any CPU
		{D74242CF-C638-427C-92DA-C8A8FAD22C92}.Debug|Any CPU.ActiveCfg = Debug|Any CPU
		{D74242CF-C638-427C-92DA-C8A8FAD22C92}.Debug|Any CPU.Build.0 = Debug|Any CPU
		{D74242CF-C638-427C-92DA-C8A8FAD22C92}.Debug|x64.ActiveCfg = Debug|Any CPU
		{D74242CF-C638-427C-92DA-C8A8FAD22C92}.Debug|x64.Build.0 = Debug|Any CPU
		{D74242CF-C638-427C-92DA-C8A8FAD22C92}.Debug|x86.ActiveCfg = Debug|Any CPU
		{D74242CF-C638-427C-92DA-C8A8FAD22C92}.Debug|x86.Build.0 = Debug|Any CPU
		{D74242CF-C638-427C-92DA-C8A8FAD22C92}.Release|Any CPU.ActiveCfg = Release|Any CPU
		{D74242CF-C638-427C-92DA-C8A8FAD22C92}.Release|Any CPU.Build.0 = Release|Any CPU
		{D74242CF-C638-427C-92DA-C8A8FAD22C92}.Release|x64.ActiveCfg = Release|Any CPU
		{D74242CF-C638-427C-92DA-C8A8FAD22C92}.Release|x64.Build.0 = Release|Any CPU
		{D74242CF-C638-427C-92DA-C8A8FAD22C92}.Release|x86.ActiveCfg = Release|Any CPU
		{D74242CF-C638-427C-92DA-C8A8FAD22C92}.Release|x86.Build.0 = Release|Any CPU
		{7C890267-CE0A-4624-BF8E-942EE5B38010}.Debug|Any CPU.ActiveCfg = Debug|Any CPU
		{7C890267-CE0A-4624-BF8E-942EE5B38010}.Debug|Any CPU.Build.0 = Debug|Any CPU
		{7C890267-CE0A-4624-BF8E-942EE5B38010}.Debug|x64.ActiveCfg = Debug|Any CPU
		{7C890267-CE0A-4624-BF8E-942EE5B38010}.Debug|x64.Build.0 = Debug|Any CPU
		{7C890267-CE0A-4624-BF8E-942EE5B38010}.Debug|x86.ActiveCfg = Debug|Any CPU
		{7C890267-CE0A-4624-BF8E-942EE5B38010}.Debug|x86.Build.0 = Debug|Any CPU
		{7C890267-CE0A-4624-BF8E-942EE5B38010}.Release|Any CPU.ActiveCfg = Release|Any CPU
		{7C890267-CE0A-4624-BF8E-942EE5B38010}.Release|Any CPU.Build.0 = Release|Any CPU
		{7C890267-CE0A-4624-BF8E-942EE5B38010}.Release|x64.ActiveCfg = Release|Any CPU
		{7C890267-CE0A-4624-BF8E-942EE5B38010}.Release|x64.Build.0 = Release|Any CPU
		{7C890267-CE0A-4624-BF8E-942EE5B38010}.Release|x86.ActiveCfg = Release|Any CPU
		{7C890267-CE0A-4624-BF8E-942EE5B38010}.Release|x86.Build.0 = Release|Any CPU
		{A64A967B-09F7-43B5-BC50-C47340E7F007}.Debug|Any CPU.ActiveCfg = Debug|Any CPU
		{A64A967B-09F7-43B5-BC50-C47340E7F007}.Debug|Any CPU.Build.0 = Debug|Any CPU
		{A64A967B-09F7-43B5-BC50-C47340E7F007}.Debug|x64.ActiveCfg = Debug|Any CPU
		{A64A967B-09F7-43B5-BC50-C47340E7F007}.Debug|x64.Build.0 = Debug|Any CPU
		{A64A967B-09F7-43B5-BC50-C47340E7F007}.Debug|x86.ActiveCfg = Debug|Any CPU
		{A64A967B-09F7-43B5-BC50-C47340E7F007}.Debug|x86.Build.0 = Debug|Any CPU
		{A64A967B-09F7-43B5-BC50-C47340E7F007}.Release|Any CPU.ActiveCfg = Release|Any CPU
		{A64A967B-09F7-43B5-BC50-C47340E7F007}.Release|Any CPU.Build.0 = Release|Any CPU
		{A64A967B-09F7-43B5-BC50-C47340E7F007}.Release|x64.ActiveCfg = Release|Any CPU
		{A64A967B-09F7-43B5-BC50-C47340E7F007}.Release|x64.Build.0 = Release|Any CPU
		{A64A967B-09F7-43B5-BC50-C47340E7F007}.Release|x86.ActiveCfg = Release|Any CPU
		{A64A967B-09F7-43B5-BC50-C47340E7F007}.Release|x86.Build.0 = Release|Any CPU
	EndGlobalSection
	GlobalSection(SolutionProperties) = preSolution
		HideSolutionNode = FALSE
	EndGlobalSection
EndGlobal
